
Microsoft Visual Studio Solution File, Format Version 12.00
# Visual Studio Version 17
VisualStudioVersion = 17.14.36408.4
MinimumVisualStudioVersion = 10.0.40219.1
Project("{FAE04EC0-301F-11D3-BF4B-00C04F79EFBC}") = "ProductApp", "ProductApp\ProductApp.csproj", "{2BBBBB96-D940-4157-9CF5-8AA602C4A9D7}"
EndProject
Project("{FAE04EC0-301F-11D3-BF4B-00C04F79EFBC}") = "bookDemo", "bookDemo\bookDemo.csproj", "{56839D1B-4DA8-48C5-A353-E7DB346BD79E}"
EndProject
Global
	GlobalSection(SolutionConfigurationPlatforms) = preSolution
		Debug|Any CPU = Debug|Any CPU
		Release|Any CPU = Release|Any CPU
	EndGlobalSection
	GlobalSection(ProjectConfigurationPlatforms) = postSolution
		{2BBBBB96-D940-4157-9CF5-8AA602C4A9D7}.Debug|Any CPU.ActiveCfg = Debug|Any CPU
		{2BBBBB96-D940-4157-9CF5-8AA602C4A9D7}.Debug|Any CPU.Build.0 = Debug|Any CPU
		{2BBBBB96-D940-4157-9CF5-8AA602C4A9D7}.Release|Any CPU.ActiveCfg = Release|Any CPU
		{2BBBBB96-D940-4157-9CF5-8AA602C4A9D7}.Release|Any CPU.Build.0 = Release|Any CPU
		{56839D1B-4DA8-48C5-A353-E7DB346BD79E}.Debug|Any CPU.ActiveCfg = Debug|Any CPU
		{56839D1B-4DA8-48C5-A353-E7DB346BD79E}.Debug|Any CPU.Build.0 = Debug|Any CPU
		{56839D1B-4DA8-48C5-A353-E7DB346BD79E}.Release|Any CPU.ActiveCfg = Release|Any CPU
		{56839D1B-4DA8-48C5-A353-E7DB346BD79E}.Release|Any CPU.Build.0 = Release|Any CPU
	EndGlobalSection
	GlobalSection(SolutionProperties) = preSolution
		HideSolutionNode = FALSE
	EndGlobalSection
	GlobalSection(ExtensibilityGlobals) = postSolution
		SolutionGuid = {23BE204B-5BDA-4375-9FF7-F0A89AD5AD62}
	EndGlobalSection
EndGlobal
