
Microsoft Visual Studio Solution File, Format Version 12.00
# Visual Studio Version 18
VisualStudioVersion = 18.0.11104.47 d18.0
MinimumVisualStudioVersion = 10.0.40219.1
Project("{FAE04EC0-301F-11D3-BF4B-00C04F79EFBC}") = "WebApi", "WebApi\WebApi.csproj", "{5CA6023A-DF3B-4FCA-99DC-1895ED225712}"
EndProject
Project("{FAE04EC0-301F-11D3-BF4B-00C04F79EFBC}") = "Entities", "Entities\Entities.csproj", "{F17BAADF-837F-45FA-A920-91D2395C2012}"
EndProject
Project("{FAE04EC0-301F-11D3-BF4B-00C04F79EFBC}") = "Repositories", "Repositories\Repositories.csproj", "{B28DDB01-5DCF-4555-8225-B5C263C69935}"
EndProject
Project("{FAE04EC0-301F-11D3-BF4B-00C04F79EFBC}") = "Services", "Services\Services.csproj", "{0483F75F-ADC3-4A1D-BD07-E1F8DB6FF8B5}"
EndProject
Project("{FAE04EC0-301F-11D3-BF4B-00C04F79EFBC}") = "Presentation", "Presentation\Presentation.csproj", "{80DE2923-6BCE-4357-9CE2-9E679AEDBD58}"
EndProject
Global
	GlobalSection(SolutionConfigurationPlatforms) = preSolution
		Debug|Any CPU = Debug|Any CPU
		Release|Any CPU = Release|Any CPU
	EndGlobalSection
	GlobalSection(ProjectConfigurationPlatforms) = postSolution
		{5CA6023A-DF3B-4FCA-99DC-1895ED225712}.Debug|Any CPU.ActiveCfg = Debug|Any CPU
		{5CA6023A-DF3B-4FCA-99DC-1895ED225712}.Debug|Any CPU.Build.0 = Debug|Any CPU
		{5CA6023A-DF3B-4FCA-99DC-1895ED225712}.Release|Any CPU.ActiveCfg = Release|Any CPU
		{5CA6023A-DF3B-4FCA-99DC-1895ED225712}.Release|Any CPU.Build.0 = Release|Any CPU
		{F17BAADF-837F-45FA-A920-91D2395C2012}.Debug|Any CPU.ActiveCfg = Debug|Any CPU
		{F17BAADF-837F-45FA-A920-91D2395C2012}.Debug|Any CPU.Build.0 = Debug|Any CPU
		{F17BAADF-837F-45FA-A920-91D2395C2012}.Release|Any CPU.ActiveCfg = Release|Any CPU
		{F17BAADF-837F-45FA-A920-91D2395C2012}.Release|Any CPU.Build.0 = Release|Any CPU
		{B28DDB01-5DCF-4555-8225-B5C263C69935}.Debug|Any CPU.ActiveCfg = Debug|Any CPU
		{B28DDB01-5DCF-4555-8225-B5C263C69935}.Debug|Any CPU.Build.0 = Debug|Any CPU
		{B28DDB01-5DCF-4555-8225-B5C263C69935}.Release|Any CPU.ActiveCfg = Release|Any CPU
		{B28DDB01-5DCF-4555-8225-B5C263C69935}.Release|Any CPU.Build.0 = Release|Any CPU
		{0483F75F-ADC3-4A1D-BD07-E1F8DB6FF8B5}.Debug|Any CPU.ActiveCfg = Debug|Any CPU
		{0483F75F-ADC3-4A1D-BD07-E1F8DB6FF8B5}.Debug|Any CPU.Build.0 = Debug|Any CPU
		{0483F75F-ADC3-4A1D-BD07-E1F8DB6FF8B5}.Release|Any CPU.ActiveCfg = Release|Any CPU
		{0483F75F-ADC3-4A1D-BD07-E1F8DB6FF8B5}.Release|Any CPU.Build.0 = Release|Any CPU
		{80DE2923-6BCE-4357-9CE2-9E679AEDBD58}.Debug|Any CPU.ActiveCfg = Debug|Any CPU
		{80DE2923-6BCE-4357-9CE2-9E679AEDBD58}.Debug|Any CPU.Build.0 = Debug|Any CPU
		{80DE2923-6BCE-4357-9CE2-9E679AEDBD58}.Release|Any CPU.ActiveCfg = Release|Any CPU
		{80DE2923-6BCE-4357-9CE2-9E679AEDBD58}.Release|Any CPU.Build.0 = Release|Any CPU
	EndGlobalSection
	GlobalSection(SolutionProperties) = preSolution
		HideSolutionNode = FALSE
	EndGlobalSection
	GlobalSection(ExtensibilityGlobals) = postSolution
		SolutionGuid = {23BE204B-5BDA-4375-9FF7-F0A89AD5AD62}
	EndGlobalSection
EndGlobal
